
Microsoft Visual Studio Solution File, Format Version 12.00
# Visual Studio 15
VisualStudioVersion = 15.0.26124.0
MinimumVisualStudioVersion = 15.0.26124.0
Project("{2150E333-8FDC-42A3-9474-1A3956D46DE8}") = "src", "src", "{889FC6AD-4050-4525-B99D-FFD4992A0F3B}"
EndProject
Project("{FAE04EC0-301F-11D3-BF4B-00C04F79EFBC}") = "easyAsyncCancel", "src\easyAsyncCancel\easyAsyncCancel.csproj", "{DA354F38-5487-4958-8C16-CB50E90D33A8}"
EndProject
Project("{2150E333-8FDC-42A3-9474-1A3956D46DE8}") = "test", "test", "{5E76F23C-82DC-4844-9304-0E018FAF338A}"
EndProject
Project("{FAE04EC0-301F-11D3-BF4B-00C04F79EFBC}") = "test.easyAsyncCancel", "test\test.easyAsyncCancel\test.easyAsyncCancel.csproj", "{45F0031C-816E-403C-8261-3AB2CF40E560}"
EndProject
Global
	GlobalSection(SolutionConfigurationPlatforms) = preSolution
		Debug|Any CPU = Debug|Any CPU
		Debug|x64 = Debug|x64
		Debug|x86 = Debug|x86
		Release|Any CPU = Release|Any CPU
		Release|x64 = Release|x64
		Release|x86 = Release|x86
	EndGlobalSection
	GlobalSection(SolutionProperties) = preSolution
		HideSolutionNode = FALSE
	EndGlobalSection
	GlobalSection(ProjectConfigurationPlatforms) = postSolution
		{DA354F38-5487-4958-8C16-CB50E90D33A8}.Debug|Any CPU.ActiveCfg = Debug|Any CPU
		{DA354F38-5487-4958-8C16-CB50E90D33A8}.Debug|Any CPU.Build.0 = Debug|Any CPU
		{DA354F38-5487-4958-8C16-CB50E90D33A8}.Debug|x64.ActiveCfg = Debug|Any CPU
		{DA354F38-5487-4958-8C16-CB50E90D33A8}.Debug|x64.Build.0 = Debug|Any CPU
		{DA354F38-5487-4958-8C16-CB50E90D33A8}.Debug|x86.ActiveCfg = Debug|Any CPU
		{DA354F38-5487-4958-8C16-CB50E90D33A8}.Debug|x86.Build.0 = Debug|Any CPU
		{DA354F38-5487-4958-8C16-CB50E90D33A8}.Release|Any CPU.ActiveCfg = Release|Any CPU
		{DA354F38-5487-4958-8C16-CB50E90D33A8}.Release|Any CPU.Build.0 = Release|Any CPU
		{DA354F38-5487-4958-8C16-CB50E90D33A8}.Release|x64.ActiveCfg = Release|Any CPU
		{DA354F38-5487-4958-8C16-CB50E90D33A8}.Release|x64.Build.0 = Release|Any CPU
		{DA354F38-5487-4958-8C16-CB50E90D33A8}.Release|x86.ActiveCfg = Release|Any CPU
		{DA354F38-5487-4958-8C16-CB50E90D33A8}.Release|x86.Build.0 = Release|Any CPU
		{45F0031C-816E-403C-8261-3AB2CF40E560}.Debug|Any CPU.ActiveCfg = Debug|Any CPU
		{45F0031C-816E-403C-8261-3AB2CF40E560}.Debug|Any CPU.Build.0 = Debug|Any CPU
		{45F0031C-816E-403C-8261-3AB2CF40E560}.Debug|x64.ActiveCfg = Debug|Any CPU
		{45F0031C-816E-403C-8261-3AB2CF40E560}.Debug|x64.Build.0 = Debug|Any CPU
		{45F0031C-816E-403C-8261-3AB2CF40E560}.Debug|x86.ActiveCfg = Debug|Any CPU
		{45F0031C-816E-403C-8261-3AB2CF40E560}.Debug|x86.Build.0 = Debug|Any CPU
		{45F0031C-816E-403C-8261-3AB2CF40E560}.Release|Any CPU.ActiveCfg = Release|Any CPU
		{45F0031C-816E-403C-8261-3AB2CF40E560}.Release|Any CPU.Build.0 = Release|Any CPU
		{45F0031C-816E-403C-8261-3AB2CF40E560}.Release|x64.ActiveCfg = Release|Any CPU
		{45F0031C-816E-403C-8261-3AB2CF40E560}.Release|x64.Build.0 = Release|Any CPU
		{45F0031C-816E-403C-8261-3AB2CF40E560}.Release|x86.ActiveCfg = Release|Any CPU
		{45F0031C-816E-403C-8261-3AB2CF40E560}.Release|x86.Build.0 = Release|Any CPU
	EndGlobalSection
	GlobalSection(NestedProjects) = preSolution
		{DA354F38-5487-4958-8C16-CB50E90D33A8} = {889FC6AD-4050-4525-B99D-FFD4992A0F3B}
		{45F0031C-816E-403C-8261-3AB2CF40E560} = {5E76F23C-82DC-4844-9304-0E018FAF338A}
	EndGlobalSection
EndGlobal
